
Microsoft Visual Studio Solution File, Format Version 12.00
# Visual Studio Version 17
VisualStudioVersion = 17.9.34728.123
MinimumVisualStudioVersion = 10.0.40219.1
Project("{FAE04EC0-301F-11D3-BF4B-00C04F79EFBC}") = "SchoolProject.Api", "SchoolProject.Api\SchoolProject.Api.csproj", "{30B3A436-2E5D-4733-9F93-B7B416F49FA7}"
EndProject
Project("{FAE04EC0-301F-11D3-BF4B-00C04F79EFBC}") = "SchoolProject.Data", "SchoolProject.Data\SchoolProject.Data.csproj", "{201279F1-ADCC-4684-A9FB-D33EAEFDC093}"
EndProject
Project("{FAE04EC0-301F-11D3-BF4B-00C04F79EFBC}") = "SchoolProject.Infrastructure", "SchoolProject.Infrastructure\SchoolProject.Infrastructure.csproj", "{DB1CDA4A-4475-44AA-B099-BFB20F09D3D5}"
EndProject
Project("{FAE04EC0-301F-11D3-BF4B-00C04F79EFBC}") = "SchoolProject.Service", "SchoolProject.Service\SchoolProject.Service.csproj", "{F22C9092-D28A-4A28-9B7C-A78F92C20444}"
EndProject
Project("{FAE04EC0-301F-11D3-BF4B-00C04F79EFBC}") = "SchoolProject.Core", "SchoolProject.Core\SchoolProject.Core.csproj", "{DAE7F412-096B-4BAC-8CB0-2B833DDA1B1B}"
EndProject
Global
	GlobalSection(SolutionConfigurationPlatforms) = preSolution
		Debug|Any CPU = Debug|Any CPU
		Release|Any CPU = Release|Any CPU
	EndGlobalSection
	GlobalSection(ProjectConfigurationPlatforms) = postSolution
		{30B3A436-2E5D-4733-9F93-B7B416F49FA7}.Debug|Any CPU.ActiveCfg = Debug|Any CPU
		{30B3A436-2E5D-4733-9F93-B7B416F49FA7}.Debug|Any CPU.Build.0 = Debug|Any CPU
		{30B3A436-2E5D-4733-9F93-B7B416F49FA7}.Release|Any CPU.ActiveCfg = Release|Any CPU
		{30B3A436-2E5D-4733-9F93-B7B416F49FA7}.Release|Any CPU.Build.0 = Release|Any CPU
		{201279F1-ADCC-4684-A9FB-D33EAEFDC093}.Debug|Any CPU.ActiveCfg = Debug|Any CPU
		{201279F1-ADCC-4684-A9FB-D33EAEFDC093}.Debug|Any CPU.Build.0 = Debug|Any CPU
		{201279F1-ADCC-4684-A9FB-D33EAEFDC093}.Release|Any CPU.ActiveCfg = Release|Any CPU
		{201279F1-ADCC-4684-A9FB-D33EAEFDC093}.Release|Any CPU.Build.0 = Release|Any CPU
		{DB1CDA4A-4475-44AA-B099-BFB20F09D3D5}.Debug|Any CPU.ActiveCfg = Debug|Any CPU
		{DB1CDA4A-4475-44AA-B099-BFB20F09D3D5}.Debug|Any CPU.Build.0 = Debug|Any CPU
		{DB1CDA4A-4475-44AA-B099-BFB20F09D3D5}.Release|Any CPU.ActiveCfg = Release|Any CPU
		{DB1CDA4A-4475-44AA-B099-BFB20F09D3D5}.Release|Any CPU.Build.0 = Release|Any CPU
		{F22C9092-D28A-4A28-9B7C-A78F92C20444}.Debug|Any CPU.ActiveCfg = Debug|Any CPU
		{F22C9092-D28A-4A28-9B7C-A78F92C20444}.Debug|Any CPU.Build.0 = Debug|Any CPU
		{F22C9092-D28A-4A28-9B7C-A78F92C20444}.Release|Any CPU.ActiveCfg = Release|Any CPU
		{F22C9092-D28A-4A28-9B7C-A78F92C20444}.Release|Any CPU.Build.0 = Release|Any CPU
		{DAE7F412-096B-4BAC-8CB0-2B833DDA1B1B}.Debug|Any CPU.ActiveCfg = Debug|Any CPU
		{DAE7F412-096B-4BAC-8CB0-2B833DDA1B1B}.Debug|Any CPU.Build.0 = Debug|Any CPU
		{DAE7F412-096B-4BAC-8CB0-2B833DDA1B1B}.Release|Any CPU.ActiveCfg = Release|Any CPU
		{DAE7F412-096B-4BAC-8CB0-2B833DDA1B1B}.Release|Any CPU.Build.0 = Release|Any CPU
	EndGlobalSection
	GlobalSection(SolutionProperties) = preSolution
		HideSolutionNode = FALSE
	EndGlobalSection
	GlobalSection(ExtensibilityGlobals) = postSolution
		SolutionGuid = {41339B1D-2646-4ADA-90DB-55962F35D256}
	EndGlobalSection
EndGlobal
